// !$*UTF8*$!
{
	archiveVersion = 1;
	classes = {
	};
	objectVersion = 50;
	objects = {

/* Begin PBXBuildFile section */
		CFDF8DEB21991CE6007BEE29 /* AppDelegate.swift in Sources */ = {isa = PBXBuildFile; fileRef = CFDF8DEA21991CE6007BEE29 /* AppDelegate.swift */; };
		CFDF8DED21991CE6007BEE29 /* ViewController.swift in Sources */ = {isa = PBXBuildFile; fileRef = CFDF8DEC21991CE6007BEE29 /* ViewController.swift */; };
		CFDF8DF021991CE6007BEE29 /* Main.storyboard in Resources */ = {isa = PBXBuildFile; fileRef = CFDF8DEE21991CE6007BEE29 /* Main.storyboard */; };
		CFDF8DF221991CE8007BEE29 /* Assets.xcassets in Resources */ = {isa = PBXBuildFile; fileRef = CFDF8DF121991CE8007BEE29 /* Assets.xcassets */; };
		CFDF8DF521991CE8007BEE29 /* LaunchScreen.storyboard in Resources */ = {isa = PBXBuildFile; fileRef = CFDF8DF321991CE8007BEE29 /* LaunchScreen.storyboard */; };
/* End PBXBuildFile section */

/* Begin PBXFileReference section */
		CFDF8DE721991CE6007BEE29 /* CicloDeVidaDeLaApp.app */ = {isa = PBXFileReference; explicitFileType = wrapper.application; includeInIndex = 0; path = CicloDeVidaDeLaApp.app; sourceTree = BUILT_PRODUCTS_DIR; };
		CFDF8DEA21991CE6007BEE29 /* AppDelegate.swift */ = {isa = PBXFileReference; lastKnownFileType = sourcecode.swift; path = AppDelegate.swift; sourceTree = "<group>"; };
		CFDF8DEC21991CE6007BEE29 /* ViewController.swift */ = {isa = PBXFileReference; lastKnownFileType = sourcecode.swift; path = ViewController.swift; sourceTree = "<group>"; };
		CFDF8DEF21991CE6007BEE29 /* Base */ = {isa = PBXFileReference; lastKnownFileType = file.storyboard; name = Base; path = Base.lproj/Main.storyboard; sourceTree = "<group>"; };
		CFDF8DF121991CE8007BEE29 /* Assets.xcassets */ = {isa = PBXFileReference; lastKnownFileType = folder.assetcatalog; path = Assets.xcassets; sourceTree = "<group>"; };
		CFDF8DF421991CE8007BEE29 /* Base */ = {isa = PBXFileReference; lastKnownFileType = file.storyboard; name = Base; path = Base.lproj/LaunchScreen.storyboard; sourceTree = "<group>"; };
		CFDF8DF621991CE8007BEE29 /* Info.plist */ = {isa = PBXFileReference; lastKnownFileType = text.plist.xml; path = Info.plist; sourceTree = "<group>"; };
/* End PBXFileReference section */

/* Begin PBXFrameworksBuildPhase section */
		CFDF8DE421991CE6007BEE29 /* Frameworks */ = {
			isa = PBXFrameworksBuildPhase;
			buildActionMask = 2147483647;
			files = (
			);
			runOnlyForDeploymentPostprocessing = 0;
		};
/* End PBXFrameworksBuildPhase section */

/* Begin PBXGroup section */
		CFDF8DDE21991CE6007BEE29 = {
			isa = PBXGroup;
			children = (
				CFDF8DE921991CE6007BEE29 /* CicloDeVidaDeLaApp */,
				CFDF8DE821991CE6007BEE29 /* Products */,
			);
			sourceTree = "<group>";
		};
		CFDF8DE821991CE6007BEE29 /* Products */ = {
			isa = PBXGroup;
			children = (
				CFDF8DE721991CE6007BEE29 /* CicloDeVidaDeLaApp.app */,
			);
			name = Products;
			sourceTree = "<group>";
		};
		CFDF8DE921991CE6007BEE29 /* CicloDeVidaDeLaApp */ = {
			isa = PBXGroup;
			children = (
				CFDF8DEA21991CE6007BEE29 /* AppDelegate.swift */,
				CFDF8DEC21991CE6007BEE29 /* ViewController.swift */,
				CFDF8DEE21991CE6007BEE29 /* Main.storyboard */,
				CFDF8DF121991CE8007BEE29 /* Assets.xcassets */,
				CFDF8DF321991CE8007BEE29 /* LaunchScreen.storyboard */,
				CFDF8DF621991CE8007BEE29 /* Info.plist */,
			);
			path = CicloDeVidaDeLaApp;
			sourceTree = "<group>";
		};
/* End PBXGroup section */

/* Begin PBXNativeTarget section */
		CFDF8DE621991CE6007BEE29 /* CicloDeVidaDeLaApp */ = {
			isa = PBXNativeTarget;
			buildConfigurationList = CFDF8DF921991CE8007BEE29 /* Build configuration list for PBXNativeTarget "CicloDeVidaDeLaApp" */;
			buildPhases = (
				CFDF8DE321991CE6007BEE29 /* Sources */,
				CFDF8DE421991CE6007BEE29 /* Frameworks */,
				CFDF8DE521991CE6007BEE29 /* Resources */,
			);
			buildRules = (
			);
			dependencies = (
			);
			name = CicloDeVidaDeLaApp;
			productName = CicloDeVidaDeLaApp;
			productReference = CFDF8DE721991CE6007BEE29 /* CicloDeVidaDeLaApp.app */;
			productType = "com.apple.product-type.application";
		};
/* End PBXNativeTarget section */

/* Begin PBXProject section */
		CFDF8DDF21991CE6007BEE29 /* Project object */ = {
			isa = PBXProject;
			attributes = {
				LastSwiftUpdateCheck = 1010;
				LastUpgradeCheck = 1010;
				ORGANIZATIONNAME = "Eduardo Carrillo";
				TargetAttributes = {
					CFDF8DE621991CE6007BEE29 = {
						CreatedOnToolsVersion = 10.1;
					};
				};
			};
			buildConfigurationList = CFDF8DE221991CE6007BEE29 /* Build configuration list for PBXProject "CicloDeVidaDeLaApp" */;
			compatibilityVersion = "Xcode 9.3";
			developmentRegion = en;
			hasScannedForEncodings = 0;
			knownRegions = (
				en,
				Base,
			);
			mainGroup = CFDF8DDE21991CE6007BEE29;
			productRefGroup = CFDF8DE821991CE6007BEE29 /* Products */;
			projectDirPath = "";
			projectRoot = "";
			targets = (
				CFDF8DE621991CE6007BEE29 /* CicloDeVidaDeLaApp */,
			);
		};
/* End PBXProject section */

/* Begin PBXResourcesBuildPhase section */
		CFDF8DE521991CE6007BEE29 /* Resources */ = {
			isa = PBXResourcesBuildPhase;
			buildActionMask = 2147483647;
			files = (
				CFDF8DF521991CE8007BEE29 /* LaunchScreen.storyboard in Resources */,
				CFDF8DF221991CE8007BEE29 /* Assets.xcassets in Resources */,
				CFDF8DF021991CE6007BEE29 /* Main.storyboard in Resources */,
			);
			runOnlyForDeploymentPostprocessing = 0;
		};
/* End PBXResourcesBuildPhase section */

/* Begin PBXSourcesBuildPhase section */
		CFDF8DE321991CE6007BEE29 /* Sources */ = {
			isa = PBXSourcesBuildPhase;
			buildActionMask = 2147483647;
			files = (
				CFDF8DED21991CE6007BEE29 /* ViewController.swift in Sources */,
				CFDF8DEB21991CE6007BEE29 /* AppDelegate.swift in Sources */,
			);
			runOnlyForDeploymentPostprocessing = 0;
		};
/* End PBXSourcesBuildPhase section */

/* Begin PBXVariantGroup section */
		CFDF8DEE21991CE6007BEE29 /* Main.storyboard */ = {
			isa = PBXVariantGroup;
			children = (
				CFDF8DEF21991CE6007BEE29 /* Base */,
			);
			name = Main.storyboard;
			sourceTree = "<group>";
		};
		CFDF8DF321991CE8007BEE29 /* LaunchScreen.storyboard */ = {
			isa = PBXVariantGroup;
			children = (
				CFDF8DF421991CE8007BEE29 /* Base */,
			);
			name = LaunchScreen.storyboard;
			sourceTree = "<group>";
		};
/* End PBXVariantGroup section */

/* Begin XCBuildConfiguration section */
		CFDF8DF721991CE8007BEE29 /* Debug */ = {
			isa = XCBuildConfiguration;
			buildSettings = {
				ALWAYS_SEARCH_USER_PATHS = NO;
				CLANG_ANALYZER_NONNULL = YES;
				CLANG_ANALYZER_NUMBER_OBJECT_CONVERSION = YES_AGGRESSIVE;
				CLANG_CXX_LANGUAGE_STANDARD = "gnu++14";
				CLANG_CXX_LIBRARY = "libc++";
				CLANG_ENABLE_MODULES = YES;
				CLANG_ENABLE_OBJC_ARC = YES;
				CLANG_ENABLE_OBJC_WEAK = YES;
				CLANG_WARN_BLOCK_CAPTURE_AUTORELEASING = YES;
				CLANG_WARN_BOOL_CONVERSION = YES;
				CLANG_WARN_COMMA = YES;
				CLANG_WARN_CONSTANT_CONVERSION = YES;
				CLANG_WARN_DEPRECATED_OBJC_IMPLEMENTATIONS = YES;
				CLANG_WARN_DIRECT_OBJC_ISA_USAGE = YES_ERROR;
				CLANG_WARN_DOCUMENTATION_COMMENTS = YES;
				CLANG_WARN_EMPTY_BODY = YES;
				CLANG_WARN_ENUM_CONVERSION = YES;
				CLANG_WARN_INFINITE_RECURSION = YES;
				CLANG_WARN_INT_CONVERSION = YES;
				CLANG_WARN_NON_LITERAL_NULL_CONVERSION = YES;
				CLANG_WARN_OBJC_IMPLICIT_RETAIN_SELF = YES;
				CLANG_WARN_OBJC_LITERAL_CONVERSION = YES;
				CLANG_WARN_OBJC_ROOT_CLASS = YES_ERROR;
				CLANG_WARN_RANGE_LOOP_ANALYSIS = YES;
				CLANG_WARN_STRICT_PROTOTYPES = YES;
				CLANG_WARN_SUSPICIOUS_MOVE = YES;
				CLANG_WARN_UNGUARDED_AVAILABILITY = YES_AGGRESSIVE;
				CLANG_WARN_UNREACHABLE_CODE = YES;
				CLANG_WARN__DUPLICATE_METHOD_MATCH = YES;
				CODE_SIGN_IDENTITY = "iPhone Developer";
				COPY_PHASE_STRIP = NO;
				DEBUG_INFORMATION_FORMAT = dwarf;
				ENABLE_STRICT_OBJC_MSGSEND = YES;
				ENABLE_TESTABILITY = YES;
				GCC_C_LANGUAGE_STANDARD = gnu11;
				GCC_DYNAMIC_NO_PIC = NO;
				GCC_NO_COMMON_BLOCKS = YES;
				GCC_OPTIMIZATION_LEVEL = 0;
				GCC_PREPROCESSOR_DEFINITIONS = (
					"DEBUG=1",
					"$(inherited)",
				);
				GCC_WARN_64_TO_32_BIT_CONVERSION = YES;
				GCC_WARN_ABOUT_RETURN_TYPE = YES_ERROR;
				GCC_WARN_UNDECLARED_SELECTOR = YES;
				GCC_WARN_UNINITIALIZED_AUTOS = YES_AGGRESSIVE;
				GCC_WARN_UNUSED_FUNCTION = YES;
				GCC_WARN_UNUSED_VARIABLE = YES;
				IPHONEOS_DEPLOYMENT_TARGET = 12.1;
				MTL_ENABLE_DEBUG_INFO = INCLUDE_SOURCE;
				MTL_FAST_MATH = YES;
				ONLY_ACTIVE_ARCH = YES;
				SDKROOT = iphoneos;
				SWIFT_ACTIVE_COMPILATION_CONDITIONS = DEBUG;
				SWIFT_OPTIMIZATION_LEVEL = "-Onone";
			};
			name = Debug;
		};
		CFDF8DF821991CE8007BEE29 /* Release */ = {
			isa = XCBuildConfiguration;
			buildSettings = {
				ALWAYS_SEARCH_USER_PATHS = NO;
				CLANG_ANALYZER_NONNULL = YES;
				CLANG_ANALYZER_NUMBER_OBJECT_CONVERSION = YES_AGGRESSIVE;
				CLANG_CXX_LANGUAGE_STANDARD = "gnu++14";
				CLANG_CXX_LIBRARY = "libc++";
				CLANG_ENABLE_MODULES = YES;
				CLANG_ENABLE_OBJC_ARC = YES;
				CLANG_ENABLE_OBJC_WEAK = YES;
				CLANG_WARN_BLOCK_CAPTURE_AUTORELEASING = YES;
				CLANG_WARN_BOOL_CONVERSION = YES;
				CLANG_WARN_COMMA = YES;
				CLANG_WARN_CONSTANT_CONVERSION = YES;
				CLANG_WARN_DEPRECATED_OBJC_IMPLEMENTATIONS = YES;
				CLANG_WARN_DIRECT_OBJC_ISA_USAGE = YES_ERROR;
				CLANG_WARN_DOCUMENTATION_COMMENTS = YES;
				CLANG_WARN_EMPTY_BODY = YES;
				CLANG_WARN_ENUM_CONVERSION = YES;
				CLANG_WARN_INFINITE_RECURSION = YES;
				CLANG_WARN_INT_CONVERSION = YES;
				CLANG_WARN_NON_LITERAL_NULL_CONVERSION = YES;
				CLANG_WARN_OBJC_IMPLICIT_RETAIN_SELF = YES;
				CLANG_WARN_OBJC_LITERAL_CONVERSION = YES;
				CLANG_WARN_OBJC_ROOT_CLASS = YES_ERROR;
				CLANG_WARN_RANGE_LOOP_ANALYSIS = YES;
				CLANG_WARN_STRICT_PROTOTYPES = YES;
				CLANG_WARN_SUSPICIOUS_MOVE = YES;
				CLANG_WARN_UNGUARDED_AVAILABILITY = YES_AGGRESSIVE;
				CLANG_WARN_UNREACHABLE_CODE = YES;
				CLANG_WARN__DUPLICATE_METHOD_MATCH = YES;
				CODE_SIGN_IDENTITY = "iPhone Developer";
				COPY_PHASE_STRIP = NO;
				DEBUG_INFORMATION_FORMAT = "dwarf-with-dsym";
				ENABLE_NS_ASSERTIONS = NO;
				ENABLE_STRICT_OBJC_MSGSEND = YES;
				GCC_C_LANGUAGE_STANDARD = gnu11;
				GCC_NO_COMMON_BLOCKS = YES;
				GCC_WARN_64_TO_32_BIT_CONVERSION = YES;
				GCC_WARN_ABOUT_RETURN_TYPE = YES_ERROR;
				GCC_WARN_UNDECLARED_SELECTOR = YES;
				GCC_WARN_UNINITIALIZED_AUTOS = YES_AGGRESSIVE;
				GCC_WARN_UNUSED_FUNCTION = YES;
				GCC_WARN_UNUSED_VARIABLE = YES;
				IPHONEOS_DEPLOYMENT_TARGET = 12.1;
				MTL_ENABLE_DEBUG_INFO = NO;
				MTL_FAST_MATH = YES;
				SDKROOT = iphoneos;
				SWIFT_COMPILATION_MODE = wholemodule;
				SWIFT_OPTIMIZATION_LEVEL = "-O";
				VALIDATE_PRODUCT = YES;
			};
			name = Release;
		};
		CFDF8DFA21991CE8007BEE29 /* Debug */ = {
			isa = XCBuildConfiguration;
			buildSettings = {
				ASSETCATALOG_COMPILER_APPICON_NAME = AppIcon;
				CODE_SIGN_STYLE = Automatic;
				DEVELOPMENT_TEAM = 9K6U5FW696;
				INFOPLIST_FILE = CicloDeVidaDeLaApp/Info.plist;
				LD_RUNPATH_SEARCH_PATHS = (
					"$(inherited)",
					"@executable_path/Frameworks",
				);
				PRODUCT_BUNDLE_IDENTIFIER = CursoIntermedio.CicloDeVidaDeLaApp;
				PRODUCT_NAME = "$(TARGET_NAME)";
				SWIFT_VERSION = 4.2;
				TARGETED_DEVICE_FAMILY = "1,2";
			};
			name = Debug;
		};
		CFDF8DFB21991CE8007BEE29 /* Release */ = {
			isa = XCBuildConfiguration;
			buildSettings = {
				ASSETCATALOG_COMPILER_APPICON_NAME = AppIcon;
				CODE_SIGN_STYLE = Automatic;
				DEVELOPMENT_TEAM = 9K6U5FW696;
				INFOPLIST_FILE = CicloDeVidaDeLaApp/Info.plist;
				LD_RUNPATH_SEARCH_PATHS = (
					"$(inherited)",
					"@executable_path/Frameworks",
				);
				PRODUCT_BUNDLE_IDENTIFIER = CursoIntermedio.CicloDeVidaDeLaApp;
				PRODUCT_NAME = "$(TARGET_NAME)";
				SWIFT_VERSION = 4.2;
				TARGETED_DEVICE_FAMILY = "1,2";
			};
			name = Release;
		};
/* End XCBuildConfiguration section */

/* Begin XCConfigurationList section */
		CFDF8DE221991CE6007BEE29 /* Build configuration list for PBXProject "CicloDeVidaDeLaApp" */ = {
			isa = XCConfigurationList;
			buildConfigurations = (
				CFDF8DF721991CE8007BEE29 /* Debug */,
				CFDF8DF821991CE8007BEE29 /* Release */,
			);
			defaultConfigurationIsVisible = 0;
			defaultConfigurationName = Release;
		};
		CFDF8DF921991CE8007BEE29 /* Build configuration list for PBXNativeTarget "CicloDeVidaDeLaApp" */ = {
			isa = XCConfigurationList;
			buildConfigurations = (
				CFDF8DFA21991CE8007BEE29 /* Debug */,
				CFDF8DFB21991CE8007BEE29 /* Release */,
			);
			defaultConfigurationIsVisible = 0;
			defaultConfigurationName = Release;
		};
/* End XCConfigurationList section */
	};
	rootObject = CFDF8DDF21991CE6007BEE29 /* Project object */;
}
